
Microsoft Visual Studio Solution File, Format Version 12.00
# Visual Studio Version 17
VisualStudioVersion = 17.6.33815.320
MinimumVisualStudioVersion = 10.0.40219.1
Project("{FAE04EC0-301F-11D3-BF4B-00C04F79EFBC}") = "MeshMaker", "MeshMaker\MeshMaker.csproj", "{5D81C13F-5A5C-45C5-933A-526AC5218D13}"
EndProject
Project("{9A19103F-16F7-4668-BE54-9A1E7A4F7556}") = "CjClutter.ObjLoader.Loader", "ObjLoader\source\CjClutter.ObjLoader.Loader\CjClutter.ObjLoader.Loader.csproj", "{F1BE3F4B-2BDB-42FD-8A9D-B9FB8CE9882A}"
EndProject
Project("{FAE04EC0-301F-11D3-BF4B-00C04F79EFBC}") = "EarClipperLib", "earclipper\EarClipperLib\EarClipperLib.csproj", "{DEB59262-3D4D-46B1-9934-71AA91C92714}"
EndProject
Global
	GlobalSection(SolutionConfigurationPlatforms) = preSolution
		Debug|Any CPU = Debug|Any CPU
		Release|Any CPU = Release|Any CPU
	EndGlobalSection
	GlobalSection(ProjectConfigurationPlatforms) = postSolution
		{5D81C13F-5A5C-45C5-933A-526AC5218D13}.Debug|Any CPU.ActiveCfg = Debug|Any CPU
		{5D81C13F-5A5C-45C5-933A-526AC5218D13}.Debug|Any CPU.Build.0 = Debug|Any CPU
		{5D81C13F-5A5C-45C5-933A-526AC5218D13}.Release|Any CPU.ActiveCfg = Release|Any CPU
		{5D81C13F-5A5C-45C5-933A-526AC5218D13}.Release|Any CPU.Build.0 = Release|Any CPU
		{F1BE3F4B-2BDB-42FD-8A9D-B9FB8CE9882A}.Debug|Any CPU.ActiveCfg = Debug|Any CPU
		{F1BE3F4B-2BDB-42FD-8A9D-B9FB8CE9882A}.Debug|Any CPU.Build.0 = Debug|Any CPU
		{F1BE3F4B-2BDB-42FD-8A9D-B9FB8CE9882A}.Release|Any CPU.ActiveCfg = Release|Any CPU
		{F1BE3F4B-2BDB-42FD-8A9D-B9FB8CE9882A}.Release|Any CPU.Build.0 = Release|Any CPU
		{DEB59262-3D4D-46B1-9934-71AA91C92714}.Debug|Any CPU.ActiveCfg = Debug|Any CPU
		{DEB59262-3D4D-46B1-9934-71AA91C92714}.Debug|Any CPU.Build.0 = Debug|Any CPU
		{DEB59262-3D4D-46B1-9934-71AA91C92714}.Release|Any CPU.ActiveCfg = Release|Any CPU
		{DEB59262-3D4D-46B1-9934-71AA91C92714}.Release|Any CPU.Build.0 = Release|Any CPU
	EndGlobalSection
	GlobalSection(SolutionProperties) = preSolution
		HideSolutionNode = FALSE
	EndGlobalSection
	GlobalSection(ExtensibilityGlobals) = postSolution
		SolutionGuid = {96FAE674-5C08-4CD3-B843-556E65FB32A6}
	EndGlobalSection
EndGlobal
